PODS:
  - TesseractOCRiOS (5.0.1)

DEPENDENCIES:
  - TesseractOCRiOS

SPEC REPOS:
  https://github.com/cocoapods/specs.git:
    - TesseractOCRiOS

SPEC CHECKSUMS:
  TesseractOCRiOS: 2c189465f86abb030d0c5141c90da9705b647854

PODFILE CHECKSUM: c94791d5a4c0ceb96e0e9930dc8e35a87b4e0fe8

COCOAPODS: 1.7.2
